
Microsoft Visual Studio Solution File, Format Version 12.00
# Visual Studio Version 17
VisualStudioVersion = 17.0.31919.166
MinimumVisualStudioVersion = 10.0.40219.1
Project("{FAE04EC0-301F-11D3-BF4B-00C04F79EFBC}") = "BookManage", "BookManage\BookManage.csproj", "{942ADDD3-BC4E-4BC0-BE4D-9A2685CBA8D3}"
EndProject
Project("{FAE04EC0-301F-11D3-BF4B-00C04F79EFBC}") = "BookManage.Model", "BookManage.Model\BookManage.Model.csproj", "{0DD1745A-3ECC-467F-AA06-38BEAAA1DDFE}"
EndProject
Project("{FAE04EC0-301F-11D3-BF4B-00C04F79EFBC}") = "BookManage.DAL", "BookManage.DAL\BookManage.DAL.csproj", "{15363DFE-1625-4B6D-9BF9-F7E4F8E60DA4}"
EndProject
Project("{FAE04EC0-301F-11D3-BF4B-00C04F79EFBC}") = "BookManage.BLL", "BookManage.BLL\BookManage.BLL.csproj", "{70BA1051-D223-4516-AB58-B437C4A987AF}"
EndProject
Global
	GlobalSection(SolutionConfigurationPlatforms) = preSolution
		Debug|Any CPU = Debug|Any CPU
		Release|Any CPU = Release|Any CPU
	EndGlobalSection
	GlobalSection(ProjectConfigurationPlatforms) = postSolution
		{942ADDD3-BC4E-4BC0-BE4D-9A2685CBA8D3}.Debug|Any CPU.ActiveCfg = Debug|Any CPU
		{942ADDD3-BC4E-4BC0-BE4D-9A2685CBA8D3}.Debug|Any CPU.Build.0 = Debug|Any CPU
		{942ADDD3-BC4E-4BC0-BE4D-9A2685CBA8D3}.Release|Any CPU.ActiveCfg = Release|Any CPU
		{942ADDD3-BC4E-4BC0-BE4D-9A2685CBA8D3}.Release|Any CPU.Build.0 = Release|Any CPU
		{0DD1745A-3ECC-467F-AA06-38BEAAA1DDFE}.Debug|Any CPU.ActiveCfg = Debug|Any CPU
		{0DD1745A-3ECC-467F-AA06-38BEAAA1DDFE}.Debug|Any CPU.Build.0 = Debug|Any CPU
		{0DD1745A-3ECC-467F-AA06-38BEAAA1DDFE}.Release|Any CPU.ActiveCfg = Release|Any CPU
		{0DD1745A-3ECC-467F-AA06-38BEAAA1DDFE}.Release|Any CPU.Build.0 = Release|Any CPU
		{15363DFE-1625-4B6D-9BF9-F7E4F8E60DA4}.Debug|Any CPU.ActiveCfg = Debug|Any CPU
		{15363DFE-1625-4B6D-9BF9-F7E4F8E60DA4}.Debug|Any CPU.Build.0 = Debug|Any CPU
		{15363DFE-1625-4B6D-9BF9-F7E4F8E60DA4}.Release|Any CPU.ActiveCfg = Release|Any CPU
		{15363DFE-1625-4B6D-9BF9-F7E4F8E60DA4}.Release|Any CPU.Build.0 = Release|Any CPU
		{70BA1051-D223-4516-AB58-B437C4A987AF}.Debug|Any CPU.ActiveCfg = Debug|Any CPU
		{70BA1051-D223-4516-AB58-B437C4A987AF}.Debug|Any CPU.Build.0 = Debug|Any CPU
		{70BA1051-D223-4516-AB58-B437C4A987AF}.Release|Any CPU.ActiveCfg = Release|Any CPU
		{70BA1051-D223-4516-AB58-B437C4A987AF}.Release|Any CPU.Build.0 = Release|Any CPU
	EndGlobalSection
	GlobalSection(SolutionProperties) = preSolution
		HideSolutionNode = FALSE
	EndGlobalSection
	GlobalSection(ExtensibilityGlobals) = postSolution
		SolutionGuid = {E46B3B4C-99A9-4F85-8D91-327B8B29017E}
	EndGlobalSection
EndGlobal
